github.com/davecgh/go-spew v1.1.1 h1:vj9j/u1bqnvCEfJOwUhtlOARqs3+rkHYY13jYWTU97c=
github.com/davecgh/go-spew v1.1.1/go.mod h1:J7Y8YcW2NihsgmVo/mv3lAwl/skON4iLHjSsI+c5H38=
github.com/pmezard/go-difflib v1.0.0 h1:4DBwDE0NGyQoBHbLQYPwSUPoCMWR5BEzIk/f1lZbAQM=
github.com/pmezard/go-difflib v1.0.0/go.mod h1:iKH77koFhYxTK1pcRnkKkqfTogsbg7gZNVY4sRDYZ/4=
github.com/rogpeppe/go-internal v1.14.1 h1:UQB4HGPB6osV0SQTLymcB4TgvyWu6ZyliaW0tI/otEQ=
github.com/rogpeppe/go-internal v1.14.1/go.mod h1:MaRKkUm5W0goXpeCfT7UZI6fk/L7L7so1lCWt35ZSgc=
github.com/stretchr/testify v1.10.0 h1:Xv5erBjTwe/5IxqUQTdXv5kgmIvbHo3QQyRwhJsOfJA=
github.com/stretchr/testify v1.10.0/go.mod h1:r2ic/lqez/lEtzL7wO/rwa5dbSLXVDPFyf8C91i36aY=
go.followtheprocess.codes/cli v0.16.0 h1:fzuJQifIdZA8gPAOKMklJ2jdp5UaGbBXH8txzoUAN6E=
go.followtheprocess.codes/cli v0.16.0/go.mod h1:3zCwrPo0bbuFbLVVOdkLgcMLL6oEmErx0vYu8RfKfao=
go.followtheprocess.codes/hue v1.0.0 h1:0fYXAGR1o+w7Vja+Q+iVtqeEP3/CE6ET/pniyl8e9yo=
go.followtheprocess.codes/hue v1.0.0/go.mod h1:gSn5xK6KJapih+eFgQk3woo1qg3/rx9XSrAanUIuDr8=
go.followtheprocess.codes/log v1.2.0 h1:23MY3BRVe9fr+mFCofVixv//RcmaMVCk56MZY/aRWW8=
go.followtheprocess.codes/log v1.2.0/go.mod h1:JhST0eluhO0X1z6tK9+ZgyNcNTL/UPNH2LBxcSJnNiw=
go.followtheprocess.codes/msg v1.9.1 h1:Gm9lIG2S7Lt9OSrAGvLWe+i487MVz3KZNNi56LLHsuo=
go.followtheprocess.codes/msg v1.9.1/go.mod h1:UcgJDy8xvI2QEuJBiQMvmyzkg6bIgch3KigICvvvZ3E=
go.followtheprocess.codes/snapshot v0.6.1 h1:cZkQtEjL21BSrHn98Lm0S4yTzcOje/K60Iog/u/A5tM=
go.followtheprocess.codes/snapshot v0.6.1/go.mod h1:CM2E92Ah/j0XL4Z2UyOl7GlSuD0ZLLl8rJCpFylKcIg=
go.followtheprocess.codes/test v1.0.0 h1:5m2MPOQpohDC9pf5hgqpH+4ldJP5g+YFVdoGQY41aeU=
go.followtheprocess.codes/test v1.0.0/go.mod h1:e627pR8IhsTV/RfuP/WKYjyL0BmuIbmaw2iKlQBCWrY=
go.uber.org/goleak v1.3.0 h1:2K3zAYmnTNqV73imy9J1T3WC+gmCePx2hEGkimedGto=
go.uber.org/goleak v1.3.0/go.mod h1:CoHD4mav9JJNrW/WLlf7HGZPjdw8EucARQHekz1X6bE=
golang.org/x/sync v0.17.0 h1:l60nONMj9l5drqw6jlhIELNv9I0A4OFgRsG9k2oT9Ug=
golang.org/x/sync v0.17.0/go.mod h1:9KTHXmSnoGruLpwFjVSX0lNNA75CykiMECbovNTZqGI=
golang.org/x/sys v0.37.0 h1:fdNQudmxPjkdUTPnLn5mdQv7Zwvbvpaxqs831goi9kQ=
golang.org/x/sys v0.37.0/go.mod h1:OgkHotnGiDImocRcuBABYBEXf8A9a87e/uXjp9XT3ks=
golang.org/x/term v0.36.0 h1:zMPR+aF8gfksFprF/Nc/rd1wRS1EI6nDBGyWAvDzx2Q=
golang.org/x/term v0.36.0/go.mod h1:Qu394IJq6V6dCBRgwqshf3mPF85AqzYEzofzRdZkWss=
golang.org/x/tools v0.38.0 h1:Hx2Xv8hISq8Lm16jvBZ2VQf+RLmbd7wVUsALibYI/IQ=
golang.org/x/tools v0.38.0/go.mod h1:yEsQ/d/YK8cjh0L6rZlY8tgtlKiBNTL14pGDJPJpYQs=
gopkg.in/yaml.v3 v3.0.1 h1:fxVm/GzAzEWqLHuvctI91KS9hhNmmWOoWu0XTYJS7CA=
gopkg.in/yaml.v3 v3.0.1/go.mod h1:K4uyk7z7BCEPqu6E+C64Yfv1cQ7kz7rIZviUmN+EgEM=
